// !$*UTF8*$!
{
	archiveVersion = 1;
	classes = {
	};
	objectVersion = 46;
	objects = {

/* Begin PBXBuildFile section */
		DD16DD721E942772002B3610 /* AppDelegate.swift in Sources */ = {isa = PBXBuildFile; fileRef = DD16DD711E942772002B3610 /* AppDelegate.swift */; };
		DD16DD741E942772002B3610 /* ViewController.swift in Sources */ = {isa = PBXBuildFile; fileRef = DD16DD731E942772002B3610 /* ViewController.swift */; };
		DD16DD771E942772002B3610 /* Main.storyboard in Resources */ = {isa = PBXBuildFile; fileRef = DD16DD751E942772002B3610 /* Main.storyboard */; };
		DD16DD791E942772002B3610 /* Assets.xcassets in Resources */ = {isa = PBXBuildFile; fileRef = DD16DD781E942772002B3610 /* Assets.xcassets */; };
		DD16DD7C1E942772002B3610 /* LaunchScreen.storyboard in Resources */ = {isa = PBXBuildFile; fileRef = DD16DD7A1E942772002B3610 /* LaunchScreen.storyboard */; };
/* End PBXBuildFile section */

/* Begin PBXFileReference section */
		DD16DD6E1E942772002B3610 /* Rutappy.app */ = {isa = PBXFileReference; explicitFileType = wrapper.application; includeInIndex = 0; path = Rutappy.app; sourceTree = BUILT_PRODUCTS_DIR; };
		DD16DD711E942772002B3610 /* AppDelegate.swift */ = {isa = PBXFileReference; lastKnownFileType = sourcecode.swift; path = AppDelegate.swift; sourceTree = "<group>"; };
		DD16DD731E942772002B3610 /* ViewController.swift */ = {isa = PBXFileReference; lastKnownFileType = sourcecode.swift; path = ViewController.swift; sourceTree = "<group>"; };
		DD16DD761E942772002B3610 /* Base */ = {isa = PBXFileReference; lastKnownFileType = file.storyboard; name = Base; path = Base.lproj/Main.storyboard; sourceTree = "<group>"; };
		DD16DD781E942772002B3610 /* Assets.xcassets */ = {isa = PBXFileReference; lastKnownFileType = folder.assetcatalog; path = Assets.xcassets; sourceTree = "<group>"; };
		DD16DD7B1E942772002B3610 /* Base */ = {isa = PBXFileReference; lastKnownFileType = file.storyboard; name = Base; path = Base.lproj/LaunchScreen.storyboard; sourceTree = "<group>"; };
		DD16DD7D1E942772002B3610 /* Info.plist */ = {isa = PBXFileReference; lastKnownFileType = text.plist.xml; path = Info.plist; sourceTree = "<group>"; };
/* End PBXFileReference section */

/* Begin PBXFrameworksBuildPhase section */
		DD16DD6B1E942772002B3610 /* Frameworks */ = {
			isa = PBXFrameworksBuildPhase;
			buildActionMask = 2147483647;
			files = (
			);
			runOnlyForDeploymentPostprocessing = 0;
		};
/* End PBXFrameworksBuildPhase section */

/* Begin PBXGroup section */
		DD16DD651E942772002B3610 = {
			isa = PBXGroup;
			children = (
				DD16DD701E942772002B3610 /* Rutappy */,
				DD16DD6F1E942772002B3610 /* Products */,
			);
			sourceTree = "<group>";
		};
		DD16DD6F1E942772002B3610 /* Products */ = {
			isa = PBXGroup;
			children = (
				DD16DD6E1E942772002B3610 /* Rutappy.app */,
			);
			name = Products;
			sourceTree = "<group>";
		};
		DD16DD701E942772002B3610 /* Rutappy */ = {
			isa = PBXGroup;
			children = (
				DD16DD711E942772002B3610 /* AppDelegate.swift */,
				DD16DD731E942772002B3610 /* ViewController.swift */,
				DD16DD751E942772002B3610 /* Main.storyboard */,
				DD16DD781E942772002B3610 /* Assets.xcassets */,
				DD16DD7A1E942772002B3610 /* LaunchScreen.storyboard */,
				DD16DD7D1E942772002B3610 /* Info.plist */,
			);
			path = Rutappy;
			sourceTree = "<group>";
		};
/* End PBXGroup section */

/* Begin PBXNativeTarget section */
		DD16DD6D1E942772002B3610 /* Rutappy */ = {
			isa = PBXNativeTarget;
			buildConfigurationList = DD16DD801E942772002B3610 /* Build configuration list for PBXNativeTarget "Rutappy" */;
			buildPhases = (
				DD16DD6A1E942772002B3610 /* Sources */,
				DD16DD6B1E942772002B3610 /* Frameworks */,
				DD16DD6C1E942772002B3610 /* Resources */,
			);
			buildRules = (
			);
			dependencies = (
			);
			name = Rutappy;
			productName = Rutappy;
			productReference = DD16DD6E1E942772002B3610 /* Rutappy.app */;
			productType = "com.apple.product-type.application";
		};
/* End PBXNativeTarget section */

/* Begin PBXProject section */
		DD16DD661E942772002B3610 /* Project object */ = {
			isa = PBXProject;
			attributes = {
				LastSwiftUpdateCheck = 0830;
				LastUpgradeCheck = 0830;
				ORGANIZATIONNAME = Novus;
				TargetAttributes = {
					DD16DD6D1E942772002B3610 = {
						CreatedOnToolsVersion = 8.3;
						DevelopmentTeam = D7N8YFLZUT;
						ProvisioningStyle = Automatic;
					};
				};
			};
			buildConfigurationList = DD16DD691E942772002B3610 /* Build configuration list for PBXProject "Rutappy" */;
			compatibilityVersion = "Xcode 3.2";
			developmentRegion = English;
			hasScannedForEncodings = 0;
			knownRegions = (
				en,
				Base,
			);
			mainGroup = DD16DD651E942772002B3610;
			productRefGroup = DD16DD6F1E942772002B3610 /* Products */;
			projectDirPath = "";
			projectRoot = "";
			targets = (
				DD16DD6D1E942772002B3610 /* Rutappy */,
			);
		};
/* End PBXProject section */

/* Begin PBXResourcesBuildPhase section */
		DD16DD6C1E942772002B3610 /* Resources */ = {
			isa = PBXResourcesBuildPhase;
			buildActionMask = 2147483647;
			files = (
				DD16DD7C1E942772002B3610 /* LaunchScreen.storyboard in Resources */,
				DD16DD791E942772002B3610 /* Assets.xcassets in Resources */,
				DD16DD771E942772002B3610 /* Main.storyboard in Resources */,
			);
			runOnlyForDeploymentPostprocessing = 0;
		};
/* End PBXResourcesBuildPhase section */

/* Begin PBXSourcesBuildPhase section */
		DD16DD6A1E942772002B3610 /* Sources */ = {
			isa = PBXSourcesBuildPhase;
			buildActionMask = 2147483647;
			files = (
				DD16DD741E942772002B3610 /* ViewController.swift in Sources */,
				DD16DD721E942772002B3610 /* AppDelegate.swift in Sources */,
			);
			runOnlyForDeploymentPostprocessing = 0;
		};
/* End PBXSourcesBuildPhase section */

/* Begin PBXVariantGroup section */
		DD16DD751E942772002B3610 /* Main.storyboard */ = {
			isa = PBXVariantGroup;
			children = (
				DD16DD761E942772002B3610 /* Base */,
			);
			name = Main.storyboard;
			sourceTree = "<group>";
		};
		DD16DD7A1E942772002B3610 /* LaunchScreen.storyboard */ = {
			isa = PBXVariantGroup;
			children = (
				DD16DD7B1E942772002B3610 /* Base */,
			);
			name = LaunchScreen.storyboard;
			sourceTree = "<group>";
		};
/* End PBXVariantGroup section */

/* Begin XCBuildConfiguration section */
		DD16DD7E1E942772002B3610 /* Debug */ = {
			isa = XCBuildConfiguration;
			buildSettings = {
				ALWAYS_SEARCH_USER_PATHS = NO;
				CLANG_ANALYZER_NONNULL = YES;
				CLANG_ANALYZER_NUMBER_OBJECT_CONVERSION = YES_AGGRESSIVE;
				CLANG_CXX_LANGUAGE_STANDARD = "gnu++0x";
				CLANG_CXX_LIBRARY = "libc++";
				CLANG_ENABLE_MODULES = YES;
				CLANG_ENABLE_OBJC_ARC = YES;
				CLANG_WARN_BOOL_CONVERSION = YES;
				CLANG_WARN_CONSTANT_CONVERSION = YES;
				CLANG_WARN_DIRECT_OBJC_ISA_USAGE = YES_ERROR;
				CLANG_WARN_DOCUMENTATION_COMMENTS = YES;
				CLANG_WARN_EMPTY_BODY = YES;
				CLANG_WARN_ENUM_CONVERSION = YES;
				CLANG_WARN_INFINITE_RECURSION = YES;
				CLANG_WARN_INT_CONVERSION = YES;
				CLANG_WARN_OBJC_ROOT_CLASS = YES_ERROR;
				CLANG_WARN_SUSPICIOUS_MOVE = YES;
				CLANG_WARN_UNREACHABLE_CODE = YES;
				CLANG_WARN__DUPLICATE_METHOD_MATCH = YES;
				"CODE_SIGN_IDENTITY[sdk=iphoneos*]" = "iPhone Developer";
				COPY_PHASE_STRIP = NO;
				DEBUG_INFORMATION_FORMAT = dwarf;
				ENABLE_STRICT_OBJC_MSGSEND = YES;
				ENABLE_TESTABILITY = YES;
				GCC_C_LANGUAGE_STANDARD = gnu99;
				GCC_DYNAMIC_NO_PIC = NO;
				GCC_NO_COMMON_BLOCKS = YES;
				GCC_OPTIMIZATION_LEVEL = 0;
				GCC_PREPROCESSOR_DEFINITIONS = (
					"DEBUG=1",
					"$(inherited)",
				);
				GCC_WARN_64_TO_32_BIT_CONVERSION = YES;
				GCC_WARN_ABOUT_RETURN_TYPE = YES_ERROR;
				GCC_WARN_UNDECLARED_SELECTOR = YES;
				GCC_WARN_UNINITIALIZED_AUTOS = YES_AGGRESSIVE;
				GCC_WARN_UNUSED_FUNCTION = YES;
				GCC_WARN_UNUSED_VARIABLE = YES;
				IPHONEOS_DEPLOYMENT_TARGET = 10.3;
				MTL_ENABLE_DEBUG_INFO = YES;
				ONLY_ACTIVE_ARCH = YES;
				SDKROOT = iphoneos;
				SWIFT_ACTIVE_COMPILATION_CONDITIONS = DEBUG;
				SWIFT_OPTIMIZATION_LEVEL = "-Onone";
			};
			name = Debug;
		};
		DD16DD7F1E942772002B3610 /* Release */ = {
			isa = XCBuildConfiguration;
			buildSettings = {
				ALWAYS_SEARCH_USER_PATHS = NO;
				CLANG_ANALYZER_NONNULL = YES;
				CLANG_ANALYZER_NUMBER_OBJECT_CONVERSION = YES_AGGRESSIVE;
				CLANG_CXX_LANGUAGE_STANDARD = "gnu++0x";
				CLANG_CXX_LIBRARY = "libc++";
				CLANG_ENABLE_MODULES = YES;
				CLANG_ENABLE_OBJC_ARC = YES;
				CLANG_WARN_BOOL_CONVERSION = YES;
				CLANG_WARN_CONSTANT_CONVERSION = YES;
				CLANG_WARN_DIRECT_OBJC_ISA_USAGE = YES_ERROR;
				CLANG_WARN_DOCUMENTATION_COMMENTS = YES;
				CLANG_WARN_EMPTY_BODY = YES;
				CLANG_WARN_ENUM_CONVERSION = YES;
				CLANG_WARN_INFINITE_RECURSION = YES;
				CLANG_WARN_INT_CONVERSION = YES;
				CLANG_WARN_OBJC_ROOT_CLASS = YES_ERROR;
				CLANG_WARN_SUSPICIOUS_MOVE = YES;
				CLANG_WARN_UNREACHABLE_CODE = YES;
				CLANG_WARN__DUPLICATE_METHOD_MATCH = YES;
				"CODE_SIGN_IDENTITY[sdk=iphoneos*]" = "iPhone Developer";
				COPY_PHASE_STRIP = NO;
				DEBUG_INFORMATION_FORMAT = "dwarf-with-dsym";
				ENABLE_NS_ASSERTIONS = NO;
				ENABLE_STRICT_OBJC_MSGSEND = YES;
				GCC_C_LANGUAGE_STANDARD = gnu99;
				GCC_NO_COMMON_BLOCKS = YES;
				GCC_WARN_64_TO_32_BIT_CONVERSION = YES;
				GCC_WARN_ABOUT_RETURN_TYPE = YES_ERROR;
				GCC_WARN_UNDECLARED_SELECTOR = YES;
				GCC_WARN_UNINITIALIZED_AUTOS = YES_AGGRESSIVE;
				GCC_WARN_UNUSED_FUNCTION = YES;
				GCC_WARN_UNUSED_VARIABLE = YES;
				IPHONEOS_DEPLOYMENT_TARGET = 10.3;
				MTL_ENABLE_DEBUG_INFO = NO;
				SDKROOT = iphoneos;
				SWIFT_OPTIMIZATION_LEVEL = "-Owholemodule";
				VALIDATE_PRODUCT = YES;
			};
			name = Release;
		};
		DD16DD811E942772002B3610 /* Debug */ = {
			isa = XCBuildConfiguration;
			buildSettings = {
				ASSETCATALOG_COMPILER_APPICON_NAME = AppIcon;
				DEVELOPMENT_TEAM = D7N8YFLZUT;
				INFOPLIST_FILE = Rutappy/Info.plist;
				LD_RUNPATH_SEARCH_PATHS = "$(inherited) @executable_path/Frameworks";
				PRODUCT_BUNDLE_IDENTIFIER = com.rutappy.Rutappy;
				PRODUCT_NAME = "$(TARGET_NAME)";
				SWIFT_VERSION = 3.0;
			};
			name = Debug;
		};
		DD16DD821E942772002B3610 /* Release */ = {
			isa = XCBuildConfiguration;
			buildSettings = {
				ASSETCATALOG_COMPILER_APPICON_NAME = AppIcon;
				DEVELOPMENT_TEAM = D7N8YFLZUT;
				INFOPLIST_FILE = Rutappy/Info.plist;
				LD_RUNPATH_SEARCH_PATHS = "$(inherited) @executable_path/Frameworks";
				PRODUCT_BUNDLE_IDENTIFIER = com.rutappy.Rutappy;
				PRODUCT_NAME = "$(TARGET_NAME)";
				SWIFT_VERSION = 3.0;
			};
			name = Release;
		};
/* End XCBuildConfiguration section */

/* Begin XCConfigurationList section */
		DD16DD691E942772002B3610 /* Build configuration list for PBXProject "Rutappy" */ = {
			isa = XCConfigurationList;
			buildConfigurations = (
				DD16DD7E1E942772002B3610 /* Debug */,
				DD16DD7F1E942772002B3610 /* Release */,
			);
			defaultConfigurationIsVisible = 0;
			defaultConfigurationName = Release;
		};
		DD16DD801E942772002B3610 /* Build configuration list for PBXNativeTarget "Rutappy" */ = {
			isa = XCConfigurationList;
			buildConfigurations = (
				DD16DD811E942772002B3610 /* Debug */,
				DD16DD821E942772002B3610 /* Release */,
			);
			defaultConfigurationIsVisible = 0;
		};
/* End XCConfigurationList section */
	};
	rootObject = DD16DD661E942772002B3610 /* Project object */;
}
